
Microsoft Visual Studio Solution File, Format Version 11.00
# Visual Studio 2010
Project("{D2ABAB84-BF74-430A-B69E-9DC6D40DDA17}") = "MultidimensionalProject1", "MultidimensionalProject1\MultidimensionalProject1.dwproj", "{46A1A661-485A-42BB-B16F-16327E409CC8}"
EndProject
Global
	GlobalSection(SolutionConfigurationPlatforms) = preSolution
		Development|Default = Development|Default
	EndGlobalSection
	GlobalSection(ProjectConfigurationPlatforms) = postSolution
		{46A1A661-485A-42BB-B16F-16327E409CC8}.Development|Default.ActiveCfg = Development
		{46A1A661-485A-42BB-B16F-16327E409CC8}.Development|Default.Build.0 = Development
		{46A1A661-485A-42BB-B16F-16327E409CC8}.Development|Default.Deploy.0 = Development
	EndGlobalSection
	GlobalSection(SolutionProperties) = preSolution
		HideSolutionNode = FALSE
	EndGlobalSection
EndGlobal
